// !$*UTF8*$!
{
	archiveVersion = 1;
	classes = {
	};
	objectVersion = 56;
	objects = {

/* Begin PBXBuildFile section */
		C62426F72D11A98200540FEF /* NeoTestSwiftUIApp.swift in Sources */ = {isa = PBXBuildFile; fileRef = C62426F62D11A98200540FEF /* NeoTestSwiftUIApp.swift */; };
		C62426F92D11A98200540FEF /* ContentView.swift in Sources */ = {isa = PBXBuildFile; fileRef = C62426F82D11A98200540FEF /* ContentView.swift */; };
		C62426FB2D11A98300540FEF /* Assets.xcassets in Resources */ = {isa = PBXBuildFile; fileRef = C62426FA2D11A98300540FEF /* Assets.xcassets */; };
		C62426FE2D11A98300540FEF /* Preview Assets.xcassets in Resources */ = {isa = PBXBuildFile; fileRef = C62426FD2D11A98300540FEF /* Preview Assets.xcassets */; };
		C62427062D12226900540FEF /* CarouselImageView.swift in Sources */ = {isa = PBXBuildFile; fileRef = C62427052D12226900540FEF /* CarouselImageView.swift */; };
		C62427092D1222D700540FEF /* CarouselViewModel.swift in Sources */ = {isa = PBXBuildFile; fileRef = C62427082D1222D700540FEF /* CarouselViewModel.swift */; };
		C624270C2D122AAF00540FEF /* SearchBar.swift in Sources */ = {isa = PBXBuildFile; fileRef = C624270B2D122AAF00540FEF /* SearchBar.swift */; };
		C624270F2D122C9D00540FEF /* ItemCell.swift in Sources */ = {isa = PBXBuildFile; fileRef = C624270E2D122C9D00540FEF /* ItemCell.swift */; };
		C62427122D122CDB00540FEF /* ItemViewModel.swift in Sources */ = {isa = PBXBuildFile; fileRef = C62427112D122CDB00540FEF /* ItemViewModel.swift */; };
		C62427152D122FB000540FEF /* ItemInfo.swift in Sources */ = {isa = PBXBuildFile; fileRef = C62427142D122FB000540FEF /* ItemInfo.swift */; };
		C624271B2D12394600540FEF /* ItemListView.swift in Sources */ = {isa = PBXBuildFile; fileRef = C624271A2D12394600540FEF /* ItemListView.swift */; };
		C624271E2D123A3C00540FEF /* FloatingButtonView.swift in Sources */ = {isa = PBXBuildFile; fileRef = C624271D2D123A3C00540FEF /* FloatingButtonView.swift */; };
		C62427212D12406D00540FEF /* BottomSheetView.swift in Sources */ = {isa = PBXBuildFile; fileRef = C62427202D12406D00540FEF /* BottomSheetView.swift */; };
/* End PBXBuildFile section */

/* Begin PBXFileReference section */
		C62426F32D11A98200540FEF /* NeoTestSwiftUI.app */ = {isa = PBXFileReference; explicitFileType = wrapper.application; includeInIndex = 0; path = NeoTestSwiftUI.app; sourceTree = BUILT_PRODUCTS_DIR; };
		C62426F62D11A98200540FEF /* NeoTestSwiftUIApp.swift */ = {isa = PBXFileReference; lastKnownFileType = sourcecode.swift; path = NeoTestSwiftUIApp.swift; sourceTree = "<group>"; };
		C62426F82D11A98200540FEF /* ContentView.swift */ = {isa = PBXFileReference; lastKnownFileType = sourcecode.swift; path = ContentView.swift; sourceTree = "<group>"; };
		C62426FA2D11A98300540FEF /* Assets.xcassets */ = {isa = PBXFileReference; lastKnownFileType = folder.assetcatalog; path = Assets.xcassets; sourceTree = "<group>"; };
		C62426FD2D11A98300540FEF /* Preview Assets.xcassets */ = {isa = PBXFileReference; lastKnownFileType = folder.assetcatalog; path = "Preview Assets.xcassets"; sourceTree = "<group>"; };
		C62427052D12226900540FEF /* CarouselImageView.swift */ = {isa = PBXFileReference; lastKnownFileType = sourcecode.swift; path = CarouselImageView.swift; sourceTree = "<group>"; };
		C62427082D1222D700540FEF /* CarouselViewModel.swift */ = {isa = PBXFileReference; lastKnownFileType = sourcecode.swift; path = CarouselViewModel.swift; sourceTree = "<group>"; };
		C624270B2D122AAF00540FEF /* SearchBar.swift */ = {isa = PBXFileReference; lastKnownFileType = sourcecode.swift; path = SearchBar.swift; sourceTree = "<group>"; };
		C624270E2D122C9D00540FEF /* ItemCell.swift */ = {isa = PBXFileReference; lastKnownFileType = sourcecode.swift; path = ItemCell.swift; sourceTree = "<group>"; };
		C62427112D122CDB00540FEF /* ItemViewModel.swift */ = {isa = PBXFileReference; lastKnownFileType = sourcecode.swift; path = ItemViewModel.swift; sourceTree = "<group>"; };
		C62427142D122FB000540FEF /* ItemInfo.swift */ = {isa = PBXFileReference; lastKnownFileType = sourcecode.swift; path = ItemInfo.swift; sourceTree = "<group>"; };
		C624271A2D12394600540FEF /* ItemListView.swift */ = {isa = PBXFileReference; lastKnownFileType = sourcecode.swift; path = ItemListView.swift; sourceTree = "<group>"; };
		C624271D2D123A3C00540FEF /* FloatingButtonView.swift */ = {isa = PBXFileReference; lastKnownFileType = sourcecode.swift; path = FloatingButtonView.swift; sourceTree = "<group>"; };
		C62427202D12406D00540FEF /* BottomSheetView.swift */ = {isa = PBXFileReference; lastKnownFileType = sourcecode.swift; path = BottomSheetView.swift; sourceTree = "<group>"; };
/* End PBXFileReference section */

/* Begin PBXFrameworksBuildPhase section */
		C62426F02D11A98200540FEF /* Frameworks */ = {
			isa = PBXFrameworksBuildPhase;
			buildActionMask = 2147483647;
			files = (
			);
			runOnlyForDeploymentPostprocessing = 0;
		};
/* End PBXFrameworksBuildPhase section */

/* Begin PBXGroup section */
		C62426EA2D11A98200540FEF = {
			isa = PBXGroup;
			children = (
				C62426F52D11A98200540FEF /* NeoTestSwiftUI */,
				C62426F42D11A98200540FEF /* Products */,
			);
			sourceTree = "<group>";
		};
		C62426F42D11A98200540FEF /* Products */ = {
			isa = PBXGroup;
			children = (
				C62426F32D11A98200540FEF /* NeoTestSwiftUI.app */,
			);
			name = Products;
			sourceTree = "<group>";
		};
		C62426F52D11A98200540FEF /* NeoTestSwiftUI */ = {
			isa = PBXGroup;
			children = (
				C624271F2D12404100540FEF /* BottomSheetView */,
				C624271C2D123A2000540FEF /* FloatingButtom */,
				C62427162D12389600540FEF /* ItemView */,
				C624270A2D122A9D00540FEF /* SearchBarView */,
				C62427042D12223400540FEF /* CarouselImageView */,
				C62426F62D11A98200540FEF /* NeoTestSwiftUIApp.swift */,
				C62426F82D11A98200540FEF /* ContentView.swift */,
				C62426FA2D11A98300540FEF /* Assets.xcassets */,
				C62426FC2D11A98300540FEF /* Preview Content */,
			);
			path = NeoTestSwiftUI;
			sourceTree = "<group>";
		};
		C62426FC2D11A98300540FEF /* Preview Content */ = {
			isa = PBXGroup;
			children = (
				C62426FD2D11A98300540FEF /* Preview Assets.xcassets */,
			);
			path = "Preview Content";
			sourceTree = "<group>";
		};
		C62427042D12223400540FEF /* CarouselImageView */ = {
			isa = PBXGroup;
			children = (
				C62427072D1222AC00540FEF /* CarouselViewModel */,
				C62427052D12226900540FEF /* CarouselImageView.swift */,
			);
			path = CarouselImageView;
			sourceTree = "<group>";
		};
		C62427072D1222AC00540FEF /* CarouselViewModel */ = {
			isa = PBXGroup;
			children = (
				C62427082D1222D700540FEF /* CarouselViewModel.swift */,
			);
			path = CarouselViewModel;
			sourceTree = "<group>";
		};
		C624270A2D122A9D00540FEF /* SearchBarView */ = {
			isa = PBXGroup;
			children = (
				C624270B2D122AAF00540FEF /* SearchBar.swift */,
			);
			path = SearchBarView;
			sourceTree = "<group>";
		};
		C624270D2D122C7000540FEF /* ItemCell */ = {
			isa = PBXGroup;
			children = (
				C624270E2D122C9D00540FEF /* ItemCell.swift */,
			);
			path = ItemCell;
			sourceTree = "<group>";
		};
		C62427102D122CBC00540FEF /* ItemViewModel */ = {
			isa = PBXGroup;
			children = (
				C62427112D122CDB00540FEF /* ItemViewModel.swift */,
			);
			path = ItemViewModel;
			sourceTree = "<group>";
		};
		C62427132D122F9F00540FEF /* ItemModel */ = {
			isa = PBXGroup;
			children = (
				C62427142D122FB000540FEF /* ItemInfo.swift */,
			);
			path = ItemModel;
			sourceTree = "<group>";
		};
		C62427162D12389600540FEF /* ItemView */ = {
			isa = PBXGroup;
			children = (
				C62427132D122F9F00540FEF /* ItemModel */,
				C62427102D122CBC00540FEF /* ItemViewModel */,
				C624270D2D122C7000540FEF /* ItemCell */,
				C62427172D12391D00540FEF /* ItemListView */,
			);
			path = ItemView;
			sourceTree = "<group>";
		};
		C62427172D12391D00540FEF /* ItemListView */ = {
			isa = PBXGroup;
			children = (
				C624271A2D12394600540FEF /* ItemListView.swift */,
			);
			path = ItemListView;
			sourceTree = "<group>";
		};
		C624271C2D123A2000540FEF /* FloatingButtom */ = {
			isa = PBXGroup;
			children = (
				C624271D2D123A3C00540FEF /* FloatingButtonView.swift */,
			);
			path = FloatingButtom;
			sourceTree = "<group>";
		};
		C624271F2D12404100540FEF /* BottomSheetView */ = {
			isa = PBXGroup;
			children = (
				C62427202D12406D00540FEF /* BottomSheetView.swift */,
			);
			path = BottomSheetView;
			sourceTree = "<group>";
		};
/* End PBXGroup section */

/* Begin PBXNativeTarget section */
		C62426F22D11A98200540FEF /* NeoTestSwiftUI */ = {
			isa = PBXNativeTarget;
			buildConfigurationList = C62427012D11A98300540FEF /* Build configuration list for PBXNativeTarget "NeoTestSwiftUI" */;
			buildPhases = (
				C62426EF2D11A98200540FEF /* Sources */,
				C62426F02D11A98200540FEF /* Frameworks */,
				C62426F12D11A98200540FEF /* Resources */,
			);
			buildRules = (
			);
			dependencies = (
			);
			name = NeoTestSwiftUI;
			productName = NeoTestSwiftUI;
			productReference = C62426F32D11A98200540FEF /* NeoTestSwiftUI.app */;
			productType = "com.apple.product-type.application";
		};
/* End PBXNativeTarget section */

/* Begin PBXProject section */
		C62426EB2D11A98200540FEF /* Project object */ = {
			isa = PBXProject;
			attributes = {
				BuildIndependentTargetsInParallel = 1;
				LastSwiftUpdateCheck = 1540;
				LastUpgradeCheck = 1540;
				TargetAttributes = {
					C62426F22D11A98200540FEF = {
						CreatedOnToolsVersion = 15.4;
					};
				};
			};
			buildConfigurationList = C62426EE2D11A98200540FEF /* Build configuration list for PBXProject "NeoTestSwiftUI" */;
			compatibilityVersion = "Xcode 14.0";
			developmentRegion = en;
			hasScannedForEncodings = 0;
			knownRegions = (
				en,
				Base,
			);
			mainGroup = C62426EA2D11A98200540FEF;
			productRefGroup = C62426F42D11A98200540FEF /* Products */;
			projectDirPath = "";
			projectRoot = "";
			targets = (
				C62426F22D11A98200540FEF /* NeoTestSwiftUI */,
			);
		};
/* End PBXProject section */

/* Begin PBXResourcesBuildPhase section */
		C62426F12D11A98200540FEF /* Resources */ = {
			isa = PBXResourcesBuildPhase;
			buildActionMask = 2147483647;
			files = (
				C62426FE2D11A98300540FEF /* Preview Assets.xcassets in Resources */,
				C62426FB2D11A98300540FEF /* Assets.xcassets in Resources */,
			);
			runOnlyForDeploymentPostprocessing = 0;
		};
/* End PBXResourcesBuildPhase section */

/* Begin PBXSourcesBuildPhase section */
		C62426EF2D11A98200540FEF /* Sources */ = {
			isa = PBXSourcesBuildPhase;
			buildActionMask = 2147483647;
			files = (
				C624270C2D122AAF00540FEF /* SearchBar.swift in Sources */,
				C62427092D1222D700540FEF /* CarouselViewModel.swift in Sources */,
				C62427152D122FB000540FEF /* ItemInfo.swift in Sources */,
				C624270F2D122C9D00540FEF /* ItemCell.swift in Sources */,
				C624271B2D12394600540FEF /* ItemListView.swift in Sources */,
				C62427122D122CDB00540FEF /* ItemViewModel.swift in Sources */,
				C62427062D12226900540FEF /* CarouselImageView.swift in Sources */,
				C62426F92D11A98200540FEF /* ContentView.swift in Sources */,
				C62427212D12406D00540FEF /* BottomSheetView.swift in Sources */,
				C624271E2D123A3C00540FEF /* FloatingButtonView.swift in Sources */,
				C62426F72D11A98200540FEF /* NeoTestSwiftUIApp.swift in Sources */,
			);
			runOnlyForDeploymentPostprocessing = 0;
		};
/* End PBXSourcesBuildPhase section */

/* Begin XCBuildConfiguration section */
		C62426FF2D11A98300540FEF /* Debug */ = {
			isa = XCBuildConfiguration;
			buildSettings = {
				ALWAYS_SEARCH_USER_PATHS = NO;
				ASSETCATALOG_COMPILER_GENERATE_SWIFT_ASSET_SYMBOL_EXTENSIONS = YES;
				CLANG_ANALYZER_NONNULL = YES;
				CLANG_ANALYZER_NUMBER_OBJECT_CONVERSION = YES_AGGRESSIVE;
				CLANG_CXX_LANGUAGE_STANDARD = "gnu++20";
				CLANG_ENABLE_MODULES = YES;
				CLANG_ENABLE_OBJC_ARC = YES;
				CLANG_ENABLE_OBJC_WEAK = YES;
				CLANG_WARN_BLOCK_CAPTURE_AUTORELEASING = YES;
				CLANG_WARN_BOOL_CONVERSION = YES;
				CLANG_WARN_COMMA = YES;
				CLANG_WARN_CONSTANT_CONVERSION = YES;
				CLANG_WARN_DEPRECATED_OBJC_IMPLEMENTATIONS = YES;
				CLANG_WARN_DIRECT_OBJC_ISA_USAGE = YES_ERROR;
				CLANG_WARN_DOCUMENTATION_COMMENTS = YES;
				CLANG_WARN_EMPTY_BODY = YES;
				CLANG_WARN_ENUM_CONVERSION = YES;
				CLANG_WARN_INFINITE_RECURSION = YES;
				CLANG_WARN_INT_CONVERSION = YES;
				CLANG_WARN_NON_LITERAL_NULL_CONVERSION = YES;
				CLANG_WARN_OBJC_IMPLICIT_RETAIN_SELF = YES;
				CLANG_WARN_OBJC_LITERAL_CONVERSION = YES;
				CLANG_WARN_OBJC_ROOT_CLASS = YES_ERROR;
				CLANG_WARN_QUOTED_INCLUDE_IN_FRAMEWORK_HEADER = YES;
				CLANG_WARN_RANGE_LOOP_ANALYSIS = YES;
				CLANG_WARN_STRICT_PROTOTYPES = YES;
				CLANG_WARN_SUSPICIOUS_MOVE = YES;
				CLANG_WARN_UNGUARDED_AVAILABILITY = YES_AGGRESSIVE;
				CLANG_WARN_UNREACHABLE_CODE = YES;
				CLANG_WARN__DUPLICATE_METHOD_MATCH = YES;
				COPY_PHASE_STRIP = NO;
				DEBUG_INFORMATION_FORMAT = dwarf;
				ENABLE_STRICT_OBJC_MSGSEND = YES;
				ENABLE_TESTABILITY = YES;
				ENABLE_USER_SCRIPT_SANDBOXING = YES;
				GCC_C_LANGUAGE_STANDARD = gnu17;
				GCC_DYNAMIC_NO_PIC = NO;
				GCC_NO_COMMON_BLOCKS = YES;
				GCC_OPTIMIZATION_LEVEL = 0;
				GCC_PREPROCESSOR_DEFINITIONS = (
					"DEBUG=1",
					"$(inherited)",
				);
				GCC_WARN_64_TO_32_BIT_CONVERSION = YES;
				GCC_WARN_ABOUT_RETURN_TYPE = YES_ERROR;
				GCC_WARN_UNDECLARED_SELECTOR = YES;
				GCC_WARN_UNINITIALIZED_AUTOS = YES_AGGRESSIVE;
				GCC_WARN_UNUSED_FUNCTION = YES;
				GCC_WARN_UNUSED_VARIABLE = YES;
				IPHONEOS_DEPLOYMENT_TARGET = 17.5;
				LOCALIZATION_PREFERS_STRING_CATALOGS = YES;
				MTL_ENABLE_DEBUG_INFO = INCLUDE_SOURCE;
				MTL_FAST_MATH = YES;
				ONLY_ACTIVE_ARCH = YES;
				SDKROOT = iphoneos;
				SWIFT_ACTIVE_COMPILATION_CONDITIONS = "DEBUG $(inherited)";
				SWIFT_OPTIMIZATION_LEVEL = "-Onone";
			};
			name = Debug;
		};
		C62427002D11A98300540FEF /* Release */ = {
			isa = XCBuildConfiguration;
			buildSettings = {
				ALWAYS_SEARCH_USER_PATHS = NO;
				ASSETCATALOG_COMPILER_GENERATE_SWIFT_ASSET_SYMBOL_EXTENSIONS = YES;
				CLANG_ANALYZER_NONNULL = YES;
				CLANG_ANALYZER_NUMBER_OBJECT_CONVERSION = YES_AGGRESSIVE;
				CLANG_CXX_LANGUAGE_STANDARD = "gnu++20";
				CLANG_ENABLE_MODULES = YES;
				CLANG_ENABLE_OBJC_ARC = YES;
				CLANG_ENABLE_OBJC_WEAK = YES;
				CLANG_WARN_BLOCK_CAPTURE_AUTORELEASING = YES;
				CLANG_WARN_BOOL_CONVERSION = YES;
				CLANG_WARN_COMMA = YES;
				CLANG_WARN_CONSTANT_CONVERSION = YES;
				CLANG_WARN_DEPRECATED_OBJC_IMPLEMENTATIONS = YES;
				CLANG_WARN_DIRECT_OBJC_ISA_USAGE = YES_ERROR;
				CLANG_WARN_DOCUMENTATION_COMMENTS = YES;
				CLANG_WARN_EMPTY_BODY = YES;
				CLANG_WARN_ENUM_CONVERSION = YES;
				CLANG_WARN_INFINITE_RECURSION = YES;
				CLANG_WARN_INT_CONVERSION = YES;
				CLANG_WARN_NON_LITERAL_NULL_CONVERSION = YES;
				CLANG_WARN_OBJC_IMPLICIT_RETAIN_SELF = YES;
				CLANG_WARN_OBJC_LITERAL_CONVERSION = YES;
				CLANG_WARN_OBJC_ROOT_CLASS = YES_ERROR;
				CLANG_WARN_QUOTED_INCLUDE_IN_FRAMEWORK_HEADER = YES;
				CLANG_WARN_RANGE_LOOP_ANALYSIS = YES;
				CLANG_WARN_STRICT_PROTOTYPES = YES;
				CLANG_WARN_SUSPICIOUS_MOVE = YES;
				CLANG_WARN_UNGUARDED_AVAILABILITY = YES_AGGRESSIVE;
				CLANG_WARN_UNREACHABLE_CODE = YES;
				CLANG_WARN__DUPLICATE_METHOD_MATCH = YES;
				COPY_PHASE_STRIP = NO;
				DEBUG_INFORMATION_FORMAT = "dwarf-with-dsym";
				ENABLE_NS_ASSERTIONS = NO;
				ENABLE_STRICT_OBJC_MSGSEND = YES;
				ENABLE_USER_SCRIPT_SANDBOXING = YES;
				GCC_C_LANGUAGE_STANDARD = gnu17;
				GCC_NO_COMMON_BLOCKS = YES;
				GCC_WARN_64_TO_32_BIT_CONVERSION = YES;
				GCC_WARN_ABOUT_RETURN_TYPE = YES_ERROR;
				GCC_WARN_UNDECLARED_SELECTOR = YES;
				GCC_WARN_UNINITIALIZED_AUTOS = YES_AGGRESSIVE;
				GCC_WARN_UNUSED_FUNCTION = YES;
				GCC_WARN_UNUSED_VARIABLE = YES;
				IPHONEOS_DEPLOYMENT_TARGET = 17.5;
				LOCALIZATION_PREFERS_STRING_CATALOGS = YES;
				MTL_ENABLE_DEBUG_INFO = NO;
				MTL_FAST_MATH = YES;
				SDKROOT = iphoneos;
				SWIFT_COMPILATION_MODE = wholemodule;
				VALIDATE_PRODUCT = YES;
			};
			name = Release;
		};
		C62427022D11A98300540FEF /* Debug */ = {
			isa = XCBuildConfiguration;
			buildSettings = {
				ASSETCATALOG_COMPILER_APPICON_NAME = AppIcon;
				ASSETCATALOG_COMPILER_GLOBAL_ACCENT_COLOR_NAME = AccentColor;
				CODE_SIGN_STYLE = Automatic;
				CURRENT_PROJECT_VERSION = 1;
				DEVELOPMENT_ASSET_PATHS = "\"NeoTestSwiftUI/Preview Content\"";
				ENABLE_PREVIEWS = YES;
				GENERATE_INFOPLIST_FILE = YES;
				INFOPLIST_KEY_UIApplicationSceneManifest_Generation = YES;
				INFOPLIST_KEY_UIApplicationSupportsIndirectInputEvents = YES;
				INFOPLIST_KEY_UILaunchScreen_Generation = YES;
				INFOPLIST_KEY_UISupportedInterfaceOrientations_iPad = "UIInterfaceOrientationPortrait UIInterfaceOrientationPortraitUpsideDown UIInterfaceOrientationLandscapeLeft UIInterfaceOrientationLandscapeRight";
				INFOPLIST_KEY_UISupportedInterfaceOrientations_iPhone = "UIInterfaceOrientationPortrait UIInterfaceOrientationLandscapeLeft UIInterfaceOrientationLandscapeRight";
				LD_RUNPATH_SEARCH_PATHS = (
					"$(inherited)",
					"@executable_path/Frameworks",
				);
				MARKETING_VERSION = 1.0;
				PRODUCT_BUNDLE_IDENTIFIER = com.kgnit.Dummy.NeoTestSwiftUI;
				PRODUCT_NAME = "$(TARGET_NAME)";
				SWIFT_EMIT_LOC_STRINGS = YES;
				SWIFT_VERSION = 5.0;
				TARGETED_DEVICE_FAMILY = "1,2";
			};
			name = Debug;
		};
		C62427032D11A98300540FEF /* Release */ = {
			isa = XCBuildConfiguration;
			buildSettings = {
				ASSETCATALOG_COMPILER_APPICON_NAME = AppIcon;
				ASSETCATALOG_COMPILER_GLOBAL_ACCENT_COLOR_NAME = AccentColor;
				CODE_SIGN_STYLE = Automatic;
				CURRENT_PROJECT_VERSION = 1;
				DEVELOPMENT_ASSET_PATHS = "\"NeoTestSwiftUI/Preview Content\"";
				ENABLE_PREVIEWS = YES;
				GENERATE_INFOPLIST_FILE = YES;
				INFOPLIST_KEY_UIApplicationSceneManifest_Generation = YES;
				INFOPLIST_KEY_UIApplicationSupportsIndirectInputEvents = YES;
				INFOPLIST_KEY_UILaunchScreen_Generation = YES;
				INFOPLIST_KEY_UISupportedInterfaceOrientations_iPad = "UIInterfaceOrientationPortrait UIInterfaceOrientationPortraitUpsideDown UIInterfaceOrientationLandscapeLeft UIInterfaceOrientationLandscapeRight";
				INFOPLIST_KEY_UISupportedInterfaceOrientations_iPhone = "UIInterfaceOrientationPortrait UIInterfaceOrientationLandscapeLeft UIInterfaceOrientationLandscapeRight";
				LD_RUNPATH_SEARCH_PATHS = (
					"$(inherited)",
					"@executable_path/Frameworks",
				);
				MARKETING_VERSION = 1.0;
				PRODUCT_BUNDLE_IDENTIFIER = com.kgnit.Dummy.NeoTestSwiftUI;
				PRODUCT_NAME = "$(TARGET_NAME)";
				SWIFT_EMIT_LOC_STRINGS = YES;
				SWIFT_VERSION = 5.0;
				TARGETED_DEVICE_FAMILY = "1,2";
			};
			name = Release;
		};
/* End XCBuildConfiguration section */

/* Begin XCConfigurationList section */
		C62426EE2D11A98200540FEF /* Build configuration list for PBXProject "NeoTestSwiftUI" */ = {
			isa = XCConfigurationList;
			buildConfigurations = (
				C62426FF2D11A98300540FEF /* Debug */,
				C62427002D11A98300540FEF /* Release */,
			);
			defaultConfigurationIsVisible = 0;
			defaultConfigurationName = Release;
		};
		C62427012D11A98300540FEF /* Build configuration list for PBXNativeTarget "NeoTestSwiftUI" */ = {
			isa = XCConfigurationList;
			buildConfigurations = (
				C62427022D11A98300540FEF /* Debug */,
				C62427032D11A98300540FEF /* Release */,
			);
			defaultConfigurationIsVisible = 0;
			defaultConfigurationName = Release;
		};
/* End XCConfigurationList section */
	};
	rootObject = C62426EB2D11A98200540FEF /* Project object */;
}
